
Microsoft Visual Studio Solution File, Format Version 12.00
# Visual Studio Version 17
VisualStudioVersion = 17.13.35931.197 d17.13
MinimumVisualStudioVersion = 10.0.40219.1
Project("{FAE04EC0-301F-11D3-BF4B-00C04F79EFBC}") = "RideSharingApp", "RideSharingApp.csproj", "{07D545CB-FC4E-C2E7-65F2-E067E7F2701B}"
EndProject
Global
	GlobalSection(SolutionConfigurationPlatforms) = preSolution
		Debug|Any CPU = Debug|Any CPU
		Release|Any CPU = Release|Any CPU
	EndGlobalSection
	GlobalSection(ProjectConfigurationPlatforms) = postSolution
		{07D545CB-FC4E-C2E7-65F2-E067E7F2701B}.Debug|Any CPU.ActiveCfg = Debug|Any CPU
		{07D545CB-FC4E-C2E7-65F2-E067E7F2701B}.Debug|Any CPU.Build.0 = Debug|Any CPU
		{07D545CB-FC4E-C2E7-65F2-E067E7F2701B}.Release|Any CPU.ActiveCfg = Release|Any CPU
		{07D545CB-FC4E-C2E7-65F2-E067E7F2701B}.Release|Any CPU.Build.0 = Release|Any CPU
	EndGlobalSection
	GlobalSection(SolutionProperties) = preSolution
		HideSolutionNode = FALSE
	EndGlobalSection
	GlobalSection(ExtensibilityGlobals) = postSolution
		SolutionGuid = {07763EA9-0253-4241-BF90-13461AEFEBC1}
	EndGlobalSection
EndGlobal
